
Microsoft Visual Studio Solution File, Format Version 12.00
# Visual Studio Version 17
VisualStudioVersion = 17.6.33815.320
MinimumVisualStudioVersion = 10.0.40219.1
Project("{8BC9CEB8-8B4A-11D0-8D11-00A0C91BC942}") = "Big_Project_STL", "Big_Project_STL\Big_Project_STL.vcxproj", "{69A4F9C3-05AF-4A5D-AC97-DB551154EB11}"
EndProject
Project("{8BC9CEB8-8B4A-11D0-8D11-00A0C91BC942}") = "001_Vector", "001_Vector\001_Vector.vcxproj", "{B53056EA-7AA7-4F8C-8B4D-0726C3383A47}"
EndProject
Project("{8BC9CEB8-8B4A-11D0-8D11-00A0C91BC942}") = "002_iterator", "002_iterator\002_iterator.vcxproj", "{677113FA-57A7-4F24-8A3C-693828147B38}"
EndProject
Project("{8BC9CEB8-8B4A-11D0-8D11-00A0C91BC942}") = "003_LIST", "003_LIST\003_LIST.vcxproj", "{BF31CEA7-72F6-434D-A56E-D7247FC540F3}"
EndProject
Project("{8BC9CEB8-8B4A-11D0-8D11-00A0C91BC942}") = "004_Iterator_POSTFIX_PREFIX", "004_Iterator_POSTFIX_PREFIX\004_Iterator_POSTFIX_PREFIX.vcxproj", "{D22CA066-5DE3-4E93-A26A-50ECFA5E66A5}"
EndProject
Project("{8BC9CEB8-8B4A-11D0-8D11-00A0C91BC942}") = "005_forward_list", "005_forward_list\005_forward_list.vcxproj", "{4F9AFA9F-8A33-4597-AAEA-63B28DAF1DBD}"
EndProject
Project("{8BC9CEB8-8B4A-11D0-8D11-00A0C91BC942}") = "006_ARRAY", "006_ARRAY\006_ARRAY.vcxproj", "{CEE5EB47-255C-429C-B9B7-426188C26CAE}"
EndProject
Project("{8BC9CEB8-8B4A-11D0-8D11-00A0C91BC942}") = "007_operator_sravnenia", "007_operator_sravnenia\007_operator_sravnenia.vcxproj", "{910CBB66-E46B-4B3D-8121-B52AC9964518}"
EndProject
Project("{8BC9CEB8-8B4A-11D0-8D11-00A0C91BC942}") = "008_deque", "008_deque\008_deque.vcxproj", "{202BE49F-6E28-4FF2-AB61-4660130E3A7F}"
EndProject
Project("{8BC9CEB8-8B4A-11D0-8D11-00A0C91BC942}") = "009_SET_MULTISET", "009_SET_MULTISET\009_SET_MULTISET.vcxproj", "{0E767AEA-9E9D-4734-B1B0-249A13B5C2C2}"
EndProject
Project("{8BC9CEB8-8B4A-11D0-8D11-00A0C91BC942}") = "010_MAP_MULTIMAP", "010_MAP_MULTIMAP\010_MAP_MULTIMAP.vcxproj", "{A63BA645-8648-46F2-88B5-4BD4CACD6C23}"
EndProject
Project("{8BC9CEB8-8B4A-11D0-8D11-00A0C91BC942}") = "011_STACK", "011_STACK\011_STACK.vcxproj", "{C59997CC-AD7B-4DBB-A3D1-6A5E9C886867}"
EndProject
Project("{8BC9CEB8-8B4A-11D0-8D11-00A0C91BC942}") = "012_queue_priority_Queue", "012_queue_priority_Queue\012_queue_priority_Queue.vcxproj", "{FDF1DC45-F9FC-4EF0-A092-E9C094A44B28}"
EndProject
Project("{8BC9CEB8-8B4A-11D0-8D11-00A0C91BC942}") = "013_algoritm_sort", "013_algoritm_sort\013_algoritm_sort.vcxproj", "{09A7B1BB-8D34-4299-A7A6-9494F7B7F88A}"
EndProject
Project("{8BC9CEB8-8B4A-11D0-8D11-00A0C91BC942}") = "014_find", "014_find\014_find.vcxproj", "{0D090A72-12B6-491C-AA3D-6C3DF9276FFF}"
EndProject
Project("{8BC9CEB8-8B4A-11D0-8D11-00A0C91BC942}") = "015_copy", "015_copy\015_copy.vcxproj", "{99859E0A-22BC-4004-93D9-2B071362E738}"
EndProject
Project("{8BC9CEB8-8B4A-11D0-8D11-00A0C91BC942}") = "016_remove", "016_remove\016_remove.vcxproj", "{75EE7B13-834D-4C96-A12D-C8AD5B7124A6}"
EndProject
Project("{8BC9CEB8-8B4A-11D0-8D11-00A0C91BC942}") = "017_search_max", "017_search_max\017_search_max.vcxproj", "{D0BBA383-3835-4E77-AFCC-D583A1C445D8}"
EndProject
Project("{8BC9CEB8-8B4A-11D0-8D11-00A0C91BC942}") = "018_search_min", "018_search_min\018_search_min.vcxproj", "{FB3ADC68-183B-438A-A259-FC8376CF35AB}"
EndProject
Global
	GlobalSection(SolutionConfigurationPlatforms) = preSolution
		Debug|x64 = Debug|x64
		Debug|x86 = Debug|x86
		Release|x64 = Release|x64
		Release|x86 = Release|x86
	EndGlobalSection
	GlobalSection(ProjectConfigurationPlatforms) = postSolution
		{69A4F9C3-05AF-4A5D-AC97-DB551154EB11}.Debug|x64.ActiveCfg = Debug|x64
		{69A4F9C3-05AF-4A5D-AC97-DB551154EB11}.Debug|x64.Build.0 = Debug|x64
		{69A4F9C3-05AF-4A5D-AC97-DB551154EB11}.Debug|x86.ActiveCfg = Debug|Win32
		{69A4F9C3-05AF-4A5D-AC97-DB551154EB11}.Debug|x86.Build.0 = Debug|Win32
		{69A4F9C3-05AF-4A5D-AC97-DB551154EB11}.Release|x64.ActiveCfg = Release|x64
		{69A4F9C3-05AF-4A5D-AC97-DB551154EB11}.Release|x64.Build.0 = Release|x64
		{69A4F9C3-05AF-4A5D-AC97-DB551154EB11}.Release|x86.ActiveCfg = Release|Win32
		{69A4F9C3-05AF-4A5D-AC97-DB551154EB11}.Release|x86.Build.0 = Release|Win32
		{B53056EA-7AA7-4F8C-8B4D-0726C3383A47}.Debug|x64.ActiveCfg = Debug|x64
		{B53056EA-7AA7-4F8C-8B4D-0726C3383A47}.Debug|x64.Build.0 = Debug|x64
		{B53056EA-7AA7-4F8C-8B4D-0726C3383A47}.Debug|x86.ActiveCfg = Debug|Win32
		{B53056EA-7AA7-4F8C-8B4D-0726C3383A47}.Debug|x86.Build.0 = Debug|Win32
		{B53056EA-7AA7-4F8C-8B4D-0726C3383A47}.Release|x64.ActiveCfg = Release|x64
		{B53056EA-7AA7-4F8C-8B4D-0726C3383A47}.Release|x64.Build.0 = Release|x64
		{B53056EA-7AA7-4F8C-8B4D-0726C3383A47}.Release|x86.ActiveCfg = Release|Win32
		{B53056EA-7AA7-4F8C-8B4D-0726C3383A47}.Release|x86.Build.0 = Release|Win32
		{677113FA-57A7-4F24-8A3C-693828147B38}.Debug|x64.ActiveCfg = Debug|x64
		{677113FA-57A7-4F24-8A3C-693828147B38}.Debug|x64.Build.0 = Debug|x64
		{677113FA-57A7-4F24-8A3C-693828147B38}.Debug|x86.ActiveCfg = Debug|Win32
		{677113FA-57A7-4F24-8A3C-693828147B38}.Debug|x86.Build.0 = Debug|Win32
		{677113FA-57A7-4F24-8A3C-693828147B38}.Release|x64.ActiveCfg = Release|x64
		{677113FA-57A7-4F24-8A3C-693828147B38}.Release|x64.Build.0 = Release|x64
		{677113FA-57A7-4F24-8A3C-693828147B38}.Release|x86.ActiveCfg = Release|Win32
		{677113FA-57A7-4F24-8A3C-693828147B38}.Release|x86.Build.0 = Release|Win32
		{BF31CEA7-72F6-434D-A56E-D7247FC540F3}.Debug|x64.ActiveCfg = Debug|x64
		{BF31CEA7-72F6-434D-A56E-D7247FC540F3}.Debug|x64.Build.0 = Debug|x64
		{BF31CEA7-72F6-434D-A56E-D7247FC540F3}.Debug|x86.ActiveCfg = Debug|Win32
		{BF31CEA7-72F6-434D-A56E-D7247FC540F3}.Debug|x86.Build.0 = Debug|Win32
		{BF31CEA7-72F6-434D-A56E-D7247FC540F3}.Release|x64.ActiveCfg = Release|x64
		{BF31CEA7-72F6-434D-A56E-D7247FC540F3}.Release|x64.Build.0 = Release|x64
		{BF31CEA7-72F6-434D-A56E-D7247FC540F3}.Release|x86.ActiveCfg = Release|Win32
		{BF31CEA7-72F6-434D-A56E-D7247FC540F3}.Release|x86.Build.0 = Release|Win32
		{D22CA066-5DE3-4E93-A26A-50ECFA5E66A5}.Debug|x64.ActiveCfg = Debug|x64
		{D22CA066-5DE3-4E93-A26A-50ECFA5E66A5}.Debug|x64.Build.0 = Debug|x64
		{D22CA066-5DE3-4E93-A26A-50ECFA5E66A5}.Debug|x86.ActiveCfg = Debug|Win32
		{D22CA066-5DE3-4E93-A26A-50ECFA5E66A5}.Debug|x86.Build.0 = Debug|Win32
		{D22CA066-5DE3-4E93-A26A-50ECFA5E66A5}.Release|x64.ActiveCfg = Release|x64
		{D22CA066-5DE3-4E93-A26A-50ECFA5E66A5}.Release|x64.Build.0 = Release|x64
		{D22CA066-5DE3-4E93-A26A-50ECFA5E66A5}.Release|x86.ActiveCfg = Release|Win32
		{D22CA066-5DE3-4E93-A26A-50ECFA5E66A5}.Release|x86.Build.0 = Release|Win32
		{4F9AFA9F-8A33-4597-AAEA-63B28DAF1DBD}.Debug|x64.ActiveCfg = Debug|x64
		{4F9AFA9F-8A33-4597-AAEA-63B28DAF1DBD}.Debug|x64.Build.0 = Debug|x64
		{4F9AFA9F-8A33-4597-AAEA-63B28DAF1DBD}.Debug|x86.ActiveCfg = Debug|Win32
		{4F9AFA9F-8A33-4597-AAEA-63B28DAF1DBD}.Debug|x86.Build.0 = Debug|Win32
		{4F9AFA9F-8A33-4597-AAEA-63B28DAF1DBD}.Release|x64.ActiveCfg = Release|x64
		{4F9AFA9F-8A33-4597-AAEA-63B28DAF1DBD}.Release|x64.Build.0 = Release|x64
		{4F9AFA9F-8A33-4597-AAEA-63B28DAF1DBD}.Release|x86.ActiveCfg = Release|Win32
		{4F9AFA9F-8A33-4597-AAEA-63B28DAF1DBD}.Release|x86.Build.0 = Release|Win32
		{CEE5EB47-255C-429C-B9B7-426188C26CAE}.Debug|x64.ActiveCfg = Debug|x64
		{CEE5EB47-255C-429C-B9B7-426188C26CAE}.Debug|x64.Build.0 = Debug|x64
		{CEE5EB47-255C-429C-B9B7-426188C26CAE}.Debug|x86.ActiveCfg = Debug|Win32
		{CEE5EB47-255C-429C-B9B7-426188C26CAE}.Debug|x86.Build.0 = Debug|Win32
		{CEE5EB47-255C-429C-B9B7-426188C26CAE}.Release|x64.ActiveCfg = Release|x64
		{CEE5EB47-255C-429C-B9B7-426188C26CAE}.Release|x64.Build.0 = Release|x64
		{CEE5EB47-255C-429C-B9B7-426188C26CAE}.Release|x86.ActiveCfg = Release|Win32
		{CEE5EB47-255C-429C-B9B7-426188C26CAE}.Release|x86.Build.0 = Release|Win32
		{910CBB66-E46B-4B3D-8121-B52AC9964518}.Debug|x64.ActiveCfg = Debug|x64
		{910CBB66-E46B-4B3D-8121-B52AC9964518}.Debug|x64.Build.0 = Debug|x64
		{910CBB66-E46B-4B3D-8121-B52AC9964518}.Debug|x86.ActiveCfg = Debug|Win32
		{910CBB66-E46B-4B3D-8121-B52AC9964518}.Debug|x86.Build.0 = Debug|Win32
		{910CBB66-E46B-4B3D-8121-B52AC9964518}.Release|x64.ActiveCfg = Release|x64
		{910CBB66-E46B-4B3D-8121-B52AC9964518}.Release|x64.Build.0 = Release|x64
		{910CBB66-E46B-4B3D-8121-B52AC9964518}.Release|x86.ActiveCfg = Release|Win32
		{910CBB66-E46B-4B3D-8121-B52AC9964518}.Release|x86.Build.0 = Release|Win32
		{202BE49F-6E28-4FF2-AB61-4660130E3A7F}.Debug|x64.ActiveCfg = Debug|x64
		{202BE49F-6E28-4FF2-AB61-4660130E3A7F}.Debug|x64.Build.0 = Debug|x64
		{202BE49F-6E28-4FF2-AB61-4660130E3A7F}.Debug|x86.ActiveCfg = Debug|Win32
		{202BE49F-6E28-4FF2-AB61-4660130E3A7F}.Debug|x86.Build.0 = Debug|Win32
		{202BE49F-6E28-4FF2-AB61-4660130E3A7F}.Release|x64.ActiveCfg = Release|x64
		{202BE49F-6E28-4FF2-AB61-4660130E3A7F}.Release|x64.Build.0 = Release|x64
		{202BE49F-6E28-4FF2-AB61-4660130E3A7F}.Release|x86.ActiveCfg = Release|Win32
		{202BE49F-6E28-4FF2-AB61-4660130E3A7F}.Release|x86.Build.0 = Release|Win32
		{0E767AEA-9E9D-4734-B1B0-249A13B5C2C2}.Debug|x64.ActiveCfg = Debug|x64
		{0E767AEA-9E9D-4734-B1B0-249A13B5C2C2}.Debug|x64.Build.0 = Debug|x64
		{0E767AEA-9E9D-4734-B1B0-249A13B5C2C2}.Debug|x86.ActiveCfg = Debug|Win32
		{0E767AEA-9E9D-4734-B1B0-249A13B5C2C2}.Debug|x86.Build.0 = Debug|Win32
		{0E767AEA-9E9D-4734-B1B0-249A13B5C2C2}.Release|x64.ActiveCfg = Release|x64
		{0E767AEA-9E9D-4734-B1B0-249A13B5C2C2}.Release|x64.Build.0 = Release|x64
		{0E767AEA-9E9D-4734-B1B0-249A13B5C2C2}.Release|x86.ActiveCfg = Release|Win32
		{0E767AEA-9E9D-4734-B1B0-249A13B5C2C2}.Release|x86.Build.0 = Release|Win32
		{A63BA645-8648-46F2-88B5-4BD4CACD6C23}.Debug|x64.ActiveCfg = Debug|x64
		{A63BA645-8648-46F2-88B5-4BD4CACD6C23}.Debug|x64.Build.0 = Debug|x64
		{A63BA645-8648-46F2-88B5-4BD4CACD6C23}.Debug|x86.ActiveCfg = Debug|Win32
		{A63BA645-8648-46F2-88B5-4BD4CACD6C23}.Debug|x86.Build.0 = Debug|Win32
		{A63BA645-8648-46F2-88B5-4BD4CACD6C23}.Release|x64.ActiveCfg = Release|x64
		{A63BA645-8648-46F2-88B5-4BD4CACD6C23}.Release|x64.Build.0 = Release|x64
		{A63BA645-8648-46F2-88B5-4BD4CACD6C23}.Release|x86.ActiveCfg = Release|Win32
		{A63BA645-8648-46F2-88B5-4BD4CACD6C23}.Release|x86.Build.0 = Release|Win32
		{C59997CC-AD7B-4DBB-A3D1-6A5E9C886867}.Debug|x64.ActiveCfg = Debug|x64
		{C59997CC-AD7B-4DBB-A3D1-6A5E9C886867}.Debug|x64.Build.0 = Debug|x64
		{C59997CC-AD7B-4DBB-A3D1-6A5E9C886867}.Debug|x86.ActiveCfg = Debug|Win32
		{C59997CC-AD7B-4DBB-A3D1-6A5E9C886867}.Debug|x86.Build.0 = Debug|Win32
		{C59997CC-AD7B-4DBB-A3D1-6A5E9C886867}.Release|x64.ActiveCfg = Release|x64
		{C59997CC-AD7B-4DBB-A3D1-6A5E9C886867}.Release|x64.Build.0 = Release|x64
		{C59997CC-AD7B-4DBB-A3D1-6A5E9C886867}.Release|x86.ActiveCfg = Release|Win32
		{C59997CC-AD7B-4DBB-A3D1-6A5E9C886867}.Release|x86.Build.0 = Release|Win32
		{FDF1DC45-F9FC-4EF0-A092-E9C094A44B28}.Debug|x64.ActiveCfg = Debug|x64
		{FDF1DC45-F9FC-4EF0-A092-E9C094A44B28}.Debug|x64.Build.0 = Debug|x64
		{FDF1DC45-F9FC-4EF0-A092-E9C094A44B28}.Debug|x86.ActiveCfg = Debug|Win32
		{FDF1DC45-F9FC-4EF0-A092-E9C094A44B28}.Debug|x86.Build.0 = Debug|Win32
		{FDF1DC45-F9FC-4EF0-A092-E9C094A44B28}.Release|x64.ActiveCfg = Release|x64
		{FDF1DC45-F9FC-4EF0-A092-E9C094A44B28}.Release|x64.Build.0 = Release|x64
		{FDF1DC45-F9FC-4EF0-A092-E9C094A44B28}.Release|x86.ActiveCfg = Release|Win32
		{FDF1DC45-F9FC-4EF0-A092-E9C094A44B28}.Release|x86.Build.0 = Release|Win32
		{09A7B1BB-8D34-4299-A7A6-9494F7B7F88A}.Debug|x64.ActiveCfg = Debug|x64
		{09A7B1BB-8D34-4299-A7A6-9494F7B7F88A}.Debug|x64.Build.0 = Debug|x64
		{09A7B1BB-8D34-4299-A7A6-9494F7B7F88A}.Debug|x86.ActiveCfg = Debug|Win32
		{09A7B1BB-8D34-4299-A7A6-9494F7B7F88A}.Debug|x86.Build.0 = Debug|Win32
		{09A7B1BB-8D34-4299-A7A6-9494F7B7F88A}.Release|x64.ActiveCfg = Release|x64
		{09A7B1BB-8D34-4299-A7A6-9494F7B7F88A}.Release|x64.Build.0 = Release|x64
		{09A7B1BB-8D34-4299-A7A6-9494F7B7F88A}.Release|x86.ActiveCfg = Release|Win32
		{09A7B1BB-8D34-4299-A7A6-9494F7B7F88A}.Release|x86.Build.0 = Release|Win32
		{0D090A72-12B6-491C-AA3D-6C3DF9276FFF}.Debug|x64.ActiveCfg = Debug|x64
		{0D090A72-12B6-491C-AA3D-6C3DF9276FFF}.Debug|x64.Build.0 = Debug|x64
		{0D090A72-12B6-491C-AA3D-6C3DF9276FFF}.Debug|x86.ActiveCfg = Debug|Win32
		{0D090A72-12B6-491C-AA3D-6C3DF9276FFF}.Debug|x86.Build.0 = Debug|Win32
		{0D090A72-12B6-491C-AA3D-6C3DF9276FFF}.Release|x64.ActiveCfg = Release|x64
		{0D090A72-12B6-491C-AA3D-6C3DF9276FFF}.Release|x64.Build.0 = Release|x64
		{0D090A72-12B6-491C-AA3D-6C3DF9276FFF}.Release|x86.ActiveCfg = Release|Win32
		{0D090A72-12B6-491C-AA3D-6C3DF9276FFF}.Release|x86.Build.0 = Release|Win32
		{99859E0A-22BC-4004-93D9-2B071362E738}.Debug|x64.ActiveCfg = Debug|x64
		{99859E0A-22BC-4004-93D9-2B071362E738}.Debug|x64.Build.0 = Debug|x64
		{99859E0A-22BC-4004-93D9-2B071362E738}.Debug|x86.ActiveCfg = Debug|Win32
		{99859E0A-22BC-4004-93D9-2B071362E738}.Debug|x86.Build.0 = Debug|Win32
		{99859E0A-22BC-4004-93D9-2B071362E738}.Release|x64.ActiveCfg = Release|x64
		{99859E0A-22BC-4004-93D9-2B071362E738}.Release|x64.Build.0 = Release|x64
		{99859E0A-22BC-4004-93D9-2B071362E738}.Release|x86.ActiveCfg = Release|Win32
		{99859E0A-22BC-4004-93D9-2B071362E738}.Release|x86.Build.0 = Release|Win32
		{75EE7B13-834D-4C96-A12D-C8AD5B7124A6}.Debug|x64.ActiveCfg = Debug|x64
		{75EE7B13-834D-4C96-A12D-C8AD5B7124A6}.Debug|x64.Build.0 = Debug|x64
		{75EE7B13-834D-4C96-A12D-C8AD5B7124A6}.Debug|x86.ActiveCfg = Debug|Win32
		{75EE7B13-834D-4C96-A12D-C8AD5B7124A6}.Debug|x86.Build.0 = Debug|Win32
		{75EE7B13-834D-4C96-A12D-C8AD5B7124A6}.Release|x64.ActiveCfg = Release|x64
		{75EE7B13-834D-4C96-A12D-C8AD5B7124A6}.Release|x64.Build.0 = Release|x64
		{75EE7B13-834D-4C96-A12D-C8AD5B7124A6}.Release|x86.ActiveCfg = Release|Win32
		{75EE7B13-834D-4C96-A12D-C8AD5B7124A6}.Release|x86.Build.0 = Release|Win32
		{D0BBA383-3835-4E77-AFCC-D583A1C445D8}.Debug|x64.ActiveCfg = Debug|x64
		{D0BBA383-3835-4E77-AFCC-D583A1C445D8}.Debug|x64.Build.0 = Debug|x64
		{D0BBA383-3835-4E77-AFCC-D583A1C445D8}.Debug|x86.ActiveCfg = Debug|Win32
		{D0BBA383-3835-4E77-AFCC-D583A1C445D8}.Debug|x86.Build.0 = Debug|Win32
		{D0BBA383-3835-4E77-AFCC-D583A1C445D8}.Release|x64.ActiveCfg = Release|x64
		{D0BBA383-3835-4E77-AFCC-D583A1C445D8}.Release|x64.Build.0 = Release|x64
		{D0BBA383-3835-4E77-AFCC-D583A1C445D8}.Release|x86.ActiveCfg = Release|Win32
		{D0BBA383-3835-4E77-AFCC-D583A1C445D8}.Release|x86.Build.0 = Release|Win32
		{FB3ADC68-183B-438A-A259-FC8376CF35AB}.Debug|x64.ActiveCfg = Debug|x64
		{FB3ADC68-183B-438A-A259-FC8376CF35AB}.Debug|x64.Build.0 = Debug|x64
		{FB3ADC68-183B-438A-A259-FC8376CF35AB}.Debug|x86.ActiveCfg = Debug|Win32
		{FB3ADC68-183B-438A-A259-FC8376CF35AB}.Debug|x86.Build.0 = Debug|Win32
		{FB3ADC68-183B-438A-A259-FC8376CF35AB}.Release|x64.ActiveCfg = Release|x64
		{FB3ADC68-183B-438A-A259-FC8376CF35AB}.Release|x64.Build.0 = Release|x64
		{FB3ADC68-183B-438A-A259-FC8376CF35AB}.Release|x86.ActiveCfg = Release|Win32
		{FB3ADC68-183B-438A-A259-FC8376CF35AB}.Release|x86.Build.0 = Release|Win32
	EndGlobalSection
	GlobalSection(SolutionProperties) = preSolution
		HideSolutionNode = FALSE
	EndGlobalSection
	GlobalSection(ExtensibilityGlobals) = postSolution
		SolutionGuid = {8A6AD2D9-1481-46E1-A596-27F6D9DAD804}
	EndGlobalSection
EndGlobal
